
Microsoft Visual Studio Solution File, Format Version 12.00
# Visual Studio Version 17
VisualStudioVersion = 17.3.32922.545
MinimumVisualStudioVersion = 10.0.40219.1
Project("{888888A0-9F3D-457C-B088-3A5042F75D52}") = "dash_demo", "dash_demo\dash_demo.pyproj", "{C47D9226-ACB0-4386-97AF-68E722CD842E}"
EndProject
Global
	GlobalSection(SolutionConfigurationPlatforms) = preSolution
		Debug|Any CPU = Debug|Any CPU
		Release|Any CPU = Release|Any CPU
	EndGlobalSection
	GlobalSection(ProjectConfigurationPlatforms) = postSolution
		{C47D9226-ACB0-4386-97AF-68E722CD842E}.Debug|Any CPU.ActiveCfg = Debug|Any CPU
		{C47D9226-ACB0-4386-97AF-68E722CD842E}.Debug|Any CPU.Build.0 = Debug|Any CPU
		{C47D9226-ACB0-4386-97AF-68E722CD842E}.Release|Any CPU.ActiveCfg = Release|Any CPU
		{C47D9226-ACB0-4386-97AF-68E722CD842E}.Release|Any CPU.Build.0 = Release|Any CPU
	EndGlobalSection
	GlobalSection(SolutionProperties) = preSolution
		HideSolutionNode = FALSE
	EndGlobalSection
	GlobalSection(ExtensibilityGlobals) = postSolution
		SolutionGuid = {905C742A-E6F1-4748-BFBB-E9B6C9773D9C}
	EndGlobalSection
EndGlobal
